github.com/alecthomas/kong v1.11.0 h1:y++1gI7jf8O7G7l4LZo5ASFhrhJvzc+WgF/arranEmM=
github.com/alecthomas/kong v1.11.0/go.mod h1:p2vqieVMeTAnaC83txKtXe8FLke2X07aruPWXyMPQrU=
github.com/google/uuid v1.6.0 h1:NIvaJDMOsjHA8n1jAhLSgzrAzy1Hgr+hNrb57e+94F0=
github.com/google/uuid v1.6.0/go.mod h1:TIyPZe4MgqvfeYDBFedMoGGpEw/LqOeaOT+nhxU+yHo=
github.com/itchyny/gojq v0.12.17 h1:8av8eGduDb5+rvEdaOO+zQUjA04MS0m3Ps8HiD+fceg=
github.com/itchyny/gojq v0.12.17/go.mod h1:WBrEMkgAfAGO1LUcGOckBl5O726KPp+OlkKug0I/FEY=
github.com/itchyny/timefmt-go v0.1.6 h1:ia3s54iciXDdzWzwaVKXZPbiXzxxnv1SPGFfM/myJ5Q=
github.com/itchyny/timefmt-go v0.1.6/go.mod h1:RRDZYC5s9ErkjQvTvvU7keJjxUYzIISJGxm9/mAERQg=
golang.org/x/exp/event v0.0.0-20220217172124-1812c5b45e43 h1:Yn6OLQDombmcne/0Jf2GiY4qPS5ML2W4KYFyx2uYxGY=
golang.org/x/exp/event v0.0.0-20220217172124-1812c5b45e43/go.mod h1:AVlZHjhWbW/3yOcmKMtJiObwBPJajBlUpQXRijFNrNc=
golang.org/x/exp/jsonrpc2 v0.0.0-20250620022241-b7579e27df2b h1:p03YisSs7BcE6DXAg5Mn3OM+UJ6XsnPW1eUzDOeZFiE=
golang.org/x/exp/jsonrpc2 v0.0.0-20250620022241-b7579e27df2b/go.mod h1:nPUl66QnKRf99UZqZolP9+aV0hDQ39vdswdEZj6OKZA=
golang.org/x/xerrors v0.0.0-20200804184101-5ec99f83aff1 h1:go1bK/D/BFZV2I8cIQd1NKEZ+0owSTG1fDTci4IqFcE=
golang.org/x/xerrors v0.0.0-20200804184101-5ec99f83aff1/go.mod h1:I/5z698sn9Ka8TeJc9MKroUUfqBBauWjQqLJ2OPfmY0=
